// !$*UTF8*$!
{
	archiveVersion = 1;
	classes = {
	};
	objectVersion = 48;
	objects = {

/* Begin PBXBuildFile section */
		CEE229CA1FF2595A008D6595 /* AppDelegate.swift in Sources */ = {isa = PBXBuildFile; fileRef = CEE229C91FF2595A008D6595 /* AppDelegate.swift */; };
		CEE229CC1FF2595A008D6595 /* ViewController.swift in Sources */ = {isa = PBXBuildFile; fileRef = CEE229CB1FF2595A008D6595 /* ViewController.swift */; };
		CEE229CF1FF2595A008D6595 /* Main.storyboard in Resources */ = {isa = PBXBuildFile; fileRef = CEE229CD1FF2595A008D6595 /* Main.storyboard */; };
		CEE229D11FF2595A008D6595 /* Assets.xcassets in Resources */ = {isa = PBXBuildFile; fileRef = CEE229D01FF2595A008D6595 /* Assets.xcassets */; };
		CEE229D41FF2595A008D6595 /* LaunchScreen.storyboard in Resources */ = {isa = PBXBuildFile; fileRef = CEE229D21FF2595A008D6595 /* LaunchScreen.storyboard */; };
/* End PBXBuildFile section */

/* Begin PBXFileReference section */
		CEE229C61FF2595A008D6595 /* Simple Expanding TableView.app */ = {isa = PBXFileReference; explicitFileType = wrapper.application; includeInIndex = 0; path = "Simple Expanding TableView.app"; sourceTree = BUILT_PRODUCTS_DIR; };
		CEE229C91FF2595A008D6595 /* AppDelegate.swift */ = {isa = PBXFileReference; lastKnownFileType = sourcecode.swift; path = AppDelegate.swift; sourceTree = "<group>"; };
		CEE229CB1FF2595A008D6595 /* ViewController.swift */ = {isa = PBXFileReference; lastKnownFileType = sourcecode.swift; path = ViewController.swift; sourceTree = "<group>"; };
		CEE229CE1FF2595A008D6595 /* Base */ = {isa = PBXFileReference; lastKnownFileType = file.storyboard; name = Base; path = Base.lproj/Main.storyboard; sourceTree = "<group>"; };
		CEE229D01FF2595A008D6595 /* Assets.xcassets */ = {isa = PBXFileReference; lastKnownFileType = folder.assetcatalog; path = Assets.xcassets; sourceTree = "<group>"; };
		CEE229D31FF2595A008D6595 /* Base */ = {isa = PBXFileReference; lastKnownFileType = file.storyboard; name = Base; path = Base.lproj/LaunchScreen.storyboard; sourceTree = "<group>"; };
		CEE229D51FF2595A008D6595 /* Info.plist */ = {isa = PBXFileReference; lastKnownFileType = text.plist.xml; path = Info.plist; sourceTree = "<group>"; };
/* End PBXFileReference section */

/* Begin PBXFrameworksBuildPhase section */
		CEE229C31FF2595A008D6595 /* Frameworks */ = {
			isa = PBXFrameworksBuildPhase;
			buildActionMask = 2147483647;
			files = (
			);
			runOnlyForDeploymentPostprocessing = 0;
		};
/* End PBXFrameworksBuildPhase section */

/* Begin PBXGroup section */
		CEE229BD1FF2595A008D6595 = {
			isa = PBXGroup;
			children = (
				CEE229C81FF2595A008D6595 /* Simple Expanding TableView */,
				CEE229C71FF2595A008D6595 /* Products */,
			);
			sourceTree = "<group>";
		};
		CEE229C71FF2595A008D6595 /* Products */ = {
			isa = PBXGroup;
			children = (
				CEE229C61FF2595A008D6595 /* Simple Expanding TableView.app */,
			);
			name = Products;
			sourceTree = "<group>";
		};
		CEE229C81FF2595A008D6595 /* Simple Expanding TableView */ = {
			isa = PBXGroup;
			children = (
				CEE229C91FF2595A008D6595 /* AppDelegate.swift */,
				CEE229CB1FF2595A008D6595 /* ViewController.swift */,
				CEE229CD1FF2595A008D6595 /* Main.storyboard */,
				CEE229D01FF2595A008D6595 /* Assets.xcassets */,
				CEE229D21FF2595A008D6595 /* LaunchScreen.storyboard */,
				CEE229D51FF2595A008D6595 /* Info.plist */,
			);
			path = "Simple Expanding TableView";
			sourceTree = "<group>";
		};
/* End PBXGroup section */

/* Begin PBXNativeTarget section */
		CEE229C51FF2595A008D6595 /* Simple Expanding TableView */ = {
			isa = PBXNativeTarget;
			buildConfigurationList = CEE229D81FF2595A008D6595 /* Build configuration list for PBXNativeTarget "Simple Expanding TableView" */;
			buildPhases = (
				CEE229C21FF2595A008D6595 /* Sources */,
				CEE229C31FF2595A008D6595 /* Frameworks */,
				CEE229C41FF2595A008D6595 /* Resources */,
			);
			buildRules = (
			);
			dependencies = (
			);
			name = "Simple Expanding TableView";
			productName = "Simple Expanding TableView";
			productReference = CEE229C61FF2595A008D6595 /* Simple Expanding TableView.app */;
			productType = "com.apple.product-type.application";
		};
/* End PBXNativeTarget section */

/* Begin PBXProject section */
		CEE229BE1FF2595A008D6595 /* Project object */ = {
			isa = PBXProject;
			attributes = {
				LastSwiftUpdateCheck = 0920;
				LastUpgradeCheck = 0920;
				ORGANIZATIONNAME = prabhakar;
				TargetAttributes = {
					CEE229C51FF2595A008D6595 = {
						CreatedOnToolsVersion = 9.2;
						ProvisioningStyle = Automatic;
					};
				};
			};
			buildConfigurationList = CEE229C11FF2595A008D6595 /* Build configuration list for PBXProject "Simple Expanding TableView" */;
			compatibilityVersion = "Xcode 8.0";
			developmentRegion = en;
			hasScannedForEncodings = 0;
			knownRegions = (
				en,
				Base,
			);
			mainGroup = CEE229BD1FF2595A008D6595;
			productRefGroup = CEE229C71FF2595A008D6595 /* Products */;
			projectDirPath = "";
			projectRoot = "";
			targets = (
				CEE229C51FF2595A008D6595 /* Simple Expanding TableView */,
			);
		};
/* End PBXProject section */

/* Begin PBXResourcesBuildPhase section */
		CEE229C41FF2595A008D6595 /* Resources */ = {
			isa = PBXResourcesBuildPhase;
			buildActionMask = 2147483647;
			files = (
				CEE229D41FF2595A008D6595 /* LaunchScreen.storyboard in Resources */,
				CEE229D11FF2595A008D6595 /* Assets.xcassets in Resources */,
				CEE229CF1FF2595A008D6595 /* Main.storyboard in Resources */,
			);
			runOnlyForDeploymentPostprocessing = 0;
		};
/* End PBXResourcesBuildPhase section */

/* Begin PBXSourcesBuildPhase section */
		CEE229C21FF2595A008D6595 /* Sources */ = {
			isa = PBXSourcesBuildPhase;
			buildActionMask = 2147483647;
			files = (
				CEE229CC1FF2595A008D6595 /* ViewController.swift in Sources */,
				CEE229CA1FF2595A008D6595 /* AppDelegate.swift in Sources */,
			);
			runOnlyForDeploymentPostprocessing = 0;
		};
/* End PBXSourcesBuildPhase section */

/* Begin PBXVariantGroup section */
		CEE229CD1FF2595A008D6595 /* Main.storyboard */ = {
			isa = PBXVariantGroup;
			children = (
				CEE229CE1FF2595A008D6595 /* Base */,
			);
			name = Main.storyboard;
			sourceTree = "<group>";
		};
		CEE229D21FF2595A008D6595 /* LaunchScreen.storyboard */ = {
			isa = PBXVariantGroup;
			children = (
				CEE229D31FF2595A008D6595 /* Base */,
			);
			name = LaunchScreen.storyboard;
			sourceTree = "<group>";
		};
/* End PBXVariantGroup section */

/* Begin XCBuildConfiguration section */
		CEE229D61FF2595A008D6595 /* Debug */ = {
			isa = XCBuildConfiguration;
			buildSettings = {
				ALWAYS_SEARCH_USER_PATHS = NO;
				CLANG_ANALYZER_NONNULL = YES;
				CLANG_ANALYZER_NUMBER_OBJECT_CONVERSION = YES_AGGRESSIVE;
				CLANG_CXX_LANGUAGE_STANDARD = "gnu++14";
				CLANG_CXX_LIBRARY = "libc++";
				CLANG_ENABLE_MODULES = YES;
				CLANG_ENABLE_OBJC_ARC = YES;
				CLANG_WARN_BLOCK_CAPTURE_AUTORELEASING = YES;
				CLANG_WARN_BOOL_CONVERSION = YES;
				CLANG_WARN_COMMA = YES;
				CLANG_WARN_CONSTANT_CONVERSION = YES;
				CLANG_WARN_DIRECT_OBJC_ISA_USAGE = YES_ERROR;
				CLANG_WARN_DOCUMENTATION_COMMENTS = YES;
				CLANG_WARN_EMPTY_BODY = YES;
				CLANG_WARN_ENUM_CONVERSION = YES;
				CLANG_WARN_INFINITE_RECURSION = YES;
				CLANG_WARN_INT_CONVERSION = YES;
				CLANG_WARN_NON_LITERAL_NULL_CONVERSION = YES;
				CLANG_WARN_OBJC_LITERAL_CONVERSION = YES;
				CLANG_WARN_OBJC_ROOT_CLASS = YES_ERROR;
				CLANG_WARN_RANGE_LOOP_ANALYSIS = YES;
				CLANG_WARN_STRICT_PROTOTYPES = YES;
				CLANG_WARN_SUSPICIOUS_MOVE = YES;
				CLANG_WARN_UNGUARDED_AVAILABILITY = YES_AGGRESSIVE;
				CLANG_WARN_UNREACHABLE_CODE = YES;
				CLANG_WARN__DUPLICATE_METHOD_MATCH = YES;
				CODE_SIGN_IDENTITY = "iPhone Developer";
				COPY_PHASE_STRIP = NO;
				DEBUG_INFORMATION_FORMAT = dwarf;
				ENABLE_STRICT_OBJC_MSGSEND = YES;
				ENABLE_TESTABILITY = YES;
				GCC_C_LANGUAGE_STANDARD = gnu11;
				GCC_DYNAMIC_NO_PIC = NO;
				GCC_NO_COMMON_BLOCKS = YES;
				GCC_OPTIMIZATION_LEVEL = 0;
				GCC_PREPROCESSOR_DEFINITIONS = (
					"DEBUG=1",
					"$(inherited)",
				);
				GCC_WARN_64_TO_32_BIT_CONVERSION = YES;
				GCC_WARN_ABOUT_RETURN_TYPE = YES_ERROR;
				GCC_WARN_UNDECLARED_SELECTOR = YES;
				GCC_WARN_UNINITIALIZED_AUTOS = YES_AGGRESSIVE;
				GCC_WARN_UNUSED_FUNCTION = YES;
				GCC_WARN_UNUSED_VARIABLE = YES;
				IPHONEOS_DEPLOYMENT_TARGET = 11.2;
				MTL_ENABLE_DEBUG_INFO = YES;
				ONLY_ACTIVE_ARCH = YES;
				SDKROOT = iphoneos;
				SWIFT_ACTIVE_COMPILATION_CONDITIONS = DEBUG;
				SWIFT_OPTIMIZATION_LEVEL = "-Onone";
			};
			name = Debug;
		};
		CEE229D71FF2595A008D6595 /* Release */ = {
			isa = XCBuildConfiguration;
			buildSettings = {
				ALWAYS_SEARCH_USER_PATHS = NO;
				CLANG_ANALYZER_NONNULL = YES;
				CLANG_ANALYZER_NUMBER_OBJECT_CONVERSION = YES_AGGRESSIVE;
				CLANG_CXX_LANGUAGE_STANDARD = "gnu++14";
				CLANG_CXX_LIBRARY = "libc++";
				CLANG_ENABLE_MODULES = YES;
				CLANG_ENABLE_OBJC_ARC = YES;
				CLANG_WARN_BLOCK_CAPTURE_AUTORELEASING = YES;
				CLANG_WARN_BOOL_CONVERSION = YES;
				CLANG_WARN_COMMA = YES;
				CLANG_WARN_CONSTANT_CONVERSION = YES;
				CLANG_WARN_DIRECT_OBJC_ISA_USAGE = YES_ERROR;
				CLANG_WARN_DOCUMENTATION_COMMENTS = YES;
				CLANG_WARN_EMPTY_BODY = YES;
				CLANG_WARN_ENUM_CONVERSION = YES;
				CLANG_WARN_INFINITE_RECURSION = YES;
				CLANG_WARN_INT_CONVERSION = YES;
				CLANG_WARN_NON_LITERAL_NULL_CONVERSION = YES;
				CLANG_WARN_OBJC_LITERAL_CONVERSION = YES;
				CLANG_WARN_OBJC_ROOT_CLASS = YES_ERROR;
				CLANG_WARN_RANGE_LOOP_ANALYSIS = YES;
				CLANG_WARN_STRICT_PROTOTYPES = YES;
				CLANG_WARN_SUSPICIOUS_MOVE = YES;
				CLANG_WARN_UNGUARDED_AVAILABILITY = YES_AGGRESSIVE;
				CLANG_WARN_UNREACHABLE_CODE = YES;
				CLANG_WARN__DUPLICATE_METHOD_MATCH = YES;
				CODE_SIGN_IDENTITY = "iPhone Developer";
				COPY_PHASE_STRIP = NO;
				DEBUG_INFORMATION_FORMAT = "dwarf-with-dsym";
				ENABLE_NS_ASSERTIONS = NO;
				ENABLE_STRICT_OBJC_MSGSEND = YES;
				GCC_C_LANGUAGE_STANDARD = gnu11;
				GCC_NO_COMMON_BLOCKS = YES;
				GCC_WARN_64_TO_32_BIT_CONVERSION = YES;
				GCC_WARN_ABOUT_RETURN_TYPE = YES_ERROR;
				GCC_WARN_UNDECLARED_SELECTOR = YES;
				GCC_WARN_UNINITIALIZED_AUTOS = YES_AGGRESSIVE;
				GCC_WARN_UNUSED_FUNCTION = YES;
				GCC_WARN_UNUSED_VARIABLE = YES;
				IPHONEOS_DEPLOYMENT_TARGET = 11.2;
				MTL_ENABLE_DEBUG_INFO = NO;
				SDKROOT = iphoneos;
				SWIFT_OPTIMIZATION_LEVEL = "-Owholemodule";
				VALIDATE_PRODUCT = YES;
			};
			name = Release;
		};
		CEE229D91FF2595A008D6595 /* Debug */ = {
			isa = XCBuildConfiguration;
			buildSettings = {
				ASSETCATALOG_COMPILER_APPICON_NAME = AppIcon;
				CODE_SIGN_STYLE = Automatic;
				DEVELOPMENT_TEAM = 7W29T5H6FP;
				INFOPLIST_FILE = "Simple Expanding TableView/Info.plist";
				LD_RUNPATH_SEARCH_PATHS = "$(inherited) @executable_path/Frameworks";
				PRODUCT_BUNDLE_IDENTIFIER = "com.prabhakar.Simple-Expanding-TableView";
				PRODUCT_NAME = "$(TARGET_NAME)";
				SWIFT_VERSION = 4.0;
				TARGETED_DEVICE_FAMILY = "1,2";
			};
			name = Debug;
		};
		CEE229DA1FF2595A008D6595 /* Release */ = {
			isa = XCBuildConfiguration;
			buildSettings = {
				ASSETCATALOG_COMPILER_APPICON_NAME = AppIcon;
				CODE_SIGN_STYLE = Automatic;
				DEVELOPMENT_TEAM = 7W29T5H6FP;
				INFOPLIST_FILE = "Simple Expanding TableView/Info.plist";
				LD_RUNPATH_SEARCH_PATHS = "$(inherited) @executable_path/Frameworks";
				PRODUCT_BUNDLE_IDENTIFIER = "com.prabhakar.Simple-Expanding-TableView";
				PRODUCT_NAME = "$(TARGET_NAME)";
				SWIFT_VERSION = 4.0;
				TARGETED_DEVICE_FAMILY = "1,2";
			};
			name = Release;
		};
/* End XCBuildConfiguration section */

/* Begin XCConfigurationList section */
		CEE229C11FF2595A008D6595 /* Build configuration list for PBXProject "Simple Expanding TableView" */ = {
			isa = XCConfigurationList;
			buildConfigurations = (
				CEE229D61FF2595A008D6595 /* Debug */,
				CEE229D71FF2595A008D6595 /* Release */,
			);
			defaultConfigurationIsVisible = 0;
			defaultConfigurationName = Release;
		};
		CEE229D81FF2595A008D6595 /* Build configuration list for PBXNativeTarget "Simple Expanding TableView" */ = {
			isa = XCConfigurationList;
			buildConfigurations = (
				CEE229D91FF2595A008D6595 /* Debug */,
				CEE229DA1FF2595A008D6595 /* Release */,
			);
			defaultConfigurationIsVisible = 0;
			defaultConfigurationName = Release;
		};
/* End XCConfigurationList section */
	};
	rootObject = CEE229BE1FF2595A008D6595 /* Project object */;
}
